lockfileVersion: 5.4

specifiers:
  '@brillout/dev-my-dep': link:.
  '@types/node': ^15.12.2
  typescript: ^4.3.5

devDependencies:
  '@brillout/dev-my-dep': 'link:'
  '@types/node': 15.14.9
  typescript: 4.7.4

packages:

  /@types/node/15.14.9:
    resolution: {integrity: sha512-qjd88DrCxupx/kJD5yQgZdcYKZKSIGBVDIBE1/LTGcNm3d2Np/jxojkdePDdfnBHJc5W7vSMpbJ1aB7p/Py69A==}
    dev: true

  /typescript/4.7.4:
    resolution: {integrity: sha512-C0WQT0gezHuw6AdY1M2jxUO83Rjf0HP7Sk1DtXj6j1EwkQNZrHAg2XPWlq62oqEhYvONq5pkC2Y9oPljWToLmQ==}
    engines: {node: '>=4.2.0'}
    hasBin: true
    dev: true
